
Microsoft Visual Studio Solution File, Format Version 12.00
# Visual Studio Version 17
VisualStudioVersion = 17.0.31903.59
MinimumVisualStudioVersion = 10.0.40219.1
Project("{9A19103F-16F7-4668-BE54-9A1E7A4F7556}") = "Vocab.Core", "src\Vocab.Core\Vocab.Core.csproj", "{A7D87442-2DEB-4AC5-B5FF-ADCC99FFD5B3}"
EndProject
Project("{9A19103F-16F7-4668-BE54-9A1E7A4F7556}") = "Vocab.WebApi", "src\Vocab.WebApi\Vocab.WebApi.csproj", "{15C1DB29-3057-456B-A8D1-92CBD886CF3F}"
EndProject
Project("{9A19103F-16F7-4668-BE54-9A1E7A4F7556}") = "Vocab.Infrastructure", "src\Vocab.Infrastructure\Vocab.Infrastructure.csproj", "{915FC8A4-2AB8-4EDF-B231-07884E56D8D6}"
EndProject
Project("{9A19103F-16F7-4668-BE54-9A1E7A4F7556}") = "Vocab.Application", "src\Vocab.Application\Vocab.Application.csproj", "{EE4F29E1-BFC6-4407-8973-E71A6BE558B9}"
EndProject
Project("{9A19103F-16F7-4668-BE54-9A1E7A4F7556}") = "Vocab.XUnitTest", "test\Vocab.XUnitTest\Vocab.XUnitTest.csproj", "{19B755C8-0995-4A8D-80C3-642BC6219824}"
EndProject
Project("{2150E333-8FDC-42A3-9474-1A3956D46DE8}") = "src", "src", "{8A5EFA68-275F-4097-A7F3-28E1B9AC401A}"
EndProject
Project("{2150E333-8FDC-42A3-9474-1A3956D46DE8}") = "test", "test", "{570C07F1-DBD1-4B99-A0F1-545765214353}"
EndProject
Project("{FAE04EC0-301F-11D3-BF4B-00C04F79EFBC}") = "Vocab.ConsoleTest", "test\Vocab.ConsoleTest\Vocab.ConsoleTest.csproj", "{EE91233D-FB40-41DD-AD66-A9E0C4285AB3}"
EndProject
Global
	GlobalSection(SolutionConfigurationPlatforms) = preSolution
		Debug|Any CPU = Debug|Any CPU
		Release|Any CPU = Release|Any CPU
	EndGlobalSection
	GlobalSection(ProjectConfigurationPlatforms) = postSolution
		{A7D87442-2DEB-4AC5-B5FF-ADCC99FFD5B3}.Debug|Any CPU.ActiveCfg = Debug|Any CPU
		{A7D87442-2DEB-4AC5-B5FF-ADCC99FFD5B3}.Debug|Any CPU.Build.0 = Debug|Any CPU
		{A7D87442-2DEB-4AC5-B5FF-ADCC99FFD5B3}.Release|Any CPU.ActiveCfg = Release|Any CPU
		{A7D87442-2DEB-4AC5-B5FF-ADCC99FFD5B3}.Release|Any CPU.Build.0 = Release|Any CPU
		{15C1DB29-3057-456B-A8D1-92CBD886CF3F}.Debug|Any CPU.ActiveCfg = Debug|Any CPU
		{15C1DB29-3057-456B-A8D1-92CBD886CF3F}.Debug|Any CPU.Build.0 = Debug|Any CPU
		{15C1DB29-3057-456B-A8D1-92CBD886CF3F}.Release|Any CPU.ActiveCfg = Release|Any CPU
		{15C1DB29-3057-456B-A8D1-92CBD886CF3F}.Release|Any CPU.Build.0 = Release|Any CPU
		{915FC8A4-2AB8-4EDF-B231-07884E56D8D6}.Debug|Any CPU.ActiveCfg = Debug|Any CPU
		{915FC8A4-2AB8-4EDF-B231-07884E56D8D6}.Debug|Any CPU.Build.0 = Debug|Any CPU
		{915FC8A4-2AB8-4EDF-B231-07884E56D8D6}.Release|Any CPU.ActiveCfg = Release|Any CPU
		{915FC8A4-2AB8-4EDF-B231-07884E56D8D6}.Release|Any CPU.Build.0 = Release|Any CPU
		{EE4F29E1-BFC6-4407-8973-E71A6BE558B9}.Debug|Any CPU.ActiveCfg = Debug|Any CPU
		{EE4F29E1-BFC6-4407-8973-E71A6BE558B9}.Debug|Any CPU.Build.0 = Debug|Any CPU
		{EE4F29E1-BFC6-4407-8973-E71A6BE558B9}.Release|Any CPU.ActiveCfg = Release|Any CPU
		{EE4F29E1-BFC6-4407-8973-E71A6BE558B9}.Release|Any CPU.Build.0 = Release|Any CPU
		{19B755C8-0995-4A8D-80C3-642BC6219824}.Debug|Any CPU.ActiveCfg = Debug|Any CPU
		{19B755C8-0995-4A8D-80C3-642BC6219824}.Debug|Any CPU.Build.0 = Debug|Any CPU
		{19B755C8-0995-4A8D-80C3-642BC6219824}.Release|Any CPU.ActiveCfg = Release|Any CPU
		{19B755C8-0995-4A8D-80C3-642BC6219824}.Release|Any CPU.Build.0 = Release|Any CPU
		{EE91233D-FB40-41DD-AD66-A9E0C4285AB3}.Debug|Any CPU.ActiveCfg = Debug|Any CPU
		{EE91233D-FB40-41DD-AD66-A9E0C4285AB3}.Debug|Any CPU.Build.0 = Debug|Any CPU
		{EE91233D-FB40-41DD-AD66-A9E0C4285AB3}.Release|Any CPU.ActiveCfg = Release|Any CPU
		{EE91233D-FB40-41DD-AD66-A9E0C4285AB3}.Release|Any CPU.Build.0 = Release|Any CPU
	EndGlobalSection
	GlobalSection(SolutionProperties) = preSolution
		HideSolutionNode = FALSE
	EndGlobalSection
	GlobalSection(NestedProjects) = preSolution
		{A7D87442-2DEB-4AC5-B5FF-ADCC99FFD5B3} = {8A5EFA68-275F-4097-A7F3-28E1B9AC401A}
		{15C1DB29-3057-456B-A8D1-92CBD886CF3F} = {8A5EFA68-275F-4097-A7F3-28E1B9AC401A}
		{915FC8A4-2AB8-4EDF-B231-07884E56D8D6} = {8A5EFA68-275F-4097-A7F3-28E1B9AC401A}
		{EE4F29E1-BFC6-4407-8973-E71A6BE558B9} = {8A5EFA68-275F-4097-A7F3-28E1B9AC401A}
		{19B755C8-0995-4A8D-80C3-642BC6219824} = {570C07F1-DBD1-4B99-A0F1-545765214353}
		{EE91233D-FB40-41DD-AD66-A9E0C4285AB3} = {570C07F1-DBD1-4B99-A0F1-545765214353}
	EndGlobalSection
	GlobalSection(ExtensibilityGlobals) = postSolution
		SolutionGuid = {564D804C-5339-43A9-88E4-54F7D8FBA698}
	EndGlobalSection
EndGlobal
