
Microsoft Visual Studio Solution File, Format Version 12.00
# Visual Studio Version 17
VisualStudioVersion = 17.0.31903.59
MinimumVisualStudioVersion = 10.0.40219.1
Project("{9A19103F-16F7-4668-BE54-9A1E7A4F7556}") = "Vocab.Abstractions", "Vocab.Abstractions\Vocab.Abstractions.csproj", "{E53D2E90-7393-4870-B7FF-995327C6FCD6}"
EndProject
Project("{FAE04EC0-301F-11D3-BF4B-00C04F79EFBC}") = "Vocab.Services", "Vocab.Services\Vocab.Services.csproj", "{9F2D566C-FEA6-4940-9059-FF07AEF1E64F}"
EndProject
Project("{FAE04EC0-301F-11D3-BF4B-00C04F79EFBC}") = "Vocab.Core", "Vocab.Core\Vocab.Core.csproj", "{A7D87442-2DEB-4AC5-B5FF-ADCC99FFD5B3}"
EndProject
Project("{FAE04EC0-301F-11D3-BF4B-00C04F79EFBC}") = "Vocab.WebApi", "Vocab.WebApi\Vocab.WebApi.csproj", "{15C1DB29-3057-456B-A8D1-92CBD886CF3F}"
EndProject
Global
	GlobalSection(SolutionConfigurationPlatforms) = preSolution
		Debug|Any CPU = Debug|Any CPU
		Release|Any CPU = Release|Any CPU
	EndGlobalSection
	GlobalSection(ProjectConfigurationPlatforms) = postSolution
		{E53D2E90-7393-4870-B7FF-995327C6FCD6}.Debug|Any CPU.ActiveCfg = Debug|Any CPU
		{E53D2E90-7393-4870-B7FF-995327C6FCD6}.Debug|Any CPU.Build.0 = Debug|Any CPU
		{E53D2E90-7393-4870-B7FF-995327C6FCD6}.Release|Any CPU.ActiveCfg = Release|Any CPU
		{E53D2E90-7393-4870-B7FF-995327C6FCD6}.Release|Any CPU.Build.0 = Release|Any CPU
		{9F2D566C-FEA6-4940-9059-FF07AEF1E64F}.Debug|Any CPU.ActiveCfg = Debug|Any CPU
		{9F2D566C-FEA6-4940-9059-FF07AEF1E64F}.Debug|Any CPU.Build.0 = Debug|Any CPU
		{9F2D566C-FEA6-4940-9059-FF07AEF1E64F}.Release|Any CPU.ActiveCfg = Release|Any CPU
		{9F2D566C-FEA6-4940-9059-FF07AEF1E64F}.Release|Any CPU.Build.0 = Release|Any CPU
		{A7D87442-2DEB-4AC5-B5FF-ADCC99FFD5B3}.Debug|Any CPU.ActiveCfg = Debug|Any CPU
		{A7D87442-2DEB-4AC5-B5FF-ADCC99FFD5B3}.Debug|Any CPU.Build.0 = Debug|Any CPU
		{A7D87442-2DEB-4AC5-B5FF-ADCC99FFD5B3}.Release|Any CPU.ActiveCfg = Release|Any CPU
		{A7D87442-2DEB-4AC5-B5FF-ADCC99FFD5B3}.Release|Any CPU.Build.0 = Release|Any CPU
		{15C1DB29-3057-456B-A8D1-92CBD886CF3F}.Debug|Any CPU.ActiveCfg = Debug|Any CPU
		{15C1DB29-3057-456B-A8D1-92CBD886CF3F}.Debug|Any CPU.Build.0 = Debug|Any CPU
		{15C1DB29-3057-456B-A8D1-92CBD886CF3F}.Release|Any CPU.ActiveCfg = Release|Any CPU
		{15C1DB29-3057-456B-A8D1-92CBD886CF3F}.Release|Any CPU.Build.0 = Release|Any CPU
	EndGlobalSection
	GlobalSection(SolutionProperties) = preSolution
		HideSolutionNode = FALSE
	EndGlobalSection
	GlobalSection(ExtensibilityGlobals) = postSolution
		SolutionGuid = {564D804C-5339-43A9-88E4-54F7D8FBA698}
	EndGlobalSection
EndGlobal
